// !$*UTF8*$!
{
	archiveVersion = 1;
	classes = {
	};
	objectVersion = 55;
	objects = {

/* Begin PBXBuildFile section */
		799E2DF928CEC4CE00E6DF87 /* Main.swift in Sources */ = {isa = PBXBuildFile; fileRef = 799E2DF828CEC4CE00E6DF87 /* Main.swift */; };
		799E2DFB28CEC53A00E6DF87 /* HardwarePlugInInterface.swift in Sources */ = {isa = PBXBuildFile; fileRef = 799E2DFA28CEC53A00E6DF87 /* HardwarePlugInInterface.swift */; };
		799E2E0028CEC7CB00E6DF87 /* CoreMediaIO.framework in Frameworks */ = {isa = PBXBuildFile; fileRef = 799E2DFF28CEC7CB00E6DF87 /* CoreMediaIO.framework */; };
		799E2E0428CECE7E00E6DF87 /* Object.swift in Sources */ = {isa = PBXBuildFile; fileRef = 799E2E0328CECE7E00E6DF87 /* Object.swift */; };
		799E2E0628CECE8300E6DF87 /* Plugin.swift in Sources */ = {isa = PBXBuildFile; fileRef = 799E2E0528CECE8300E6DF87 /* Plugin.swift */; };
		799E2E0828CECE8900E6DF87 /* Device.swift in Sources */ = {isa = PBXBuildFile; fileRef = 799E2E0728CECE8900E6DF87 /* Device.swift */; };
		799E2E0A28CECE9500E6DF87 /* Stream.swift in Sources */ = {isa = PBXBuildFile; fileRef = 799E2E0928CECE9500E6DF87 /* Stream.swift */; };
		799E2E0D28CECF1400E6DF87 /* Property.swift in Sources */ = {isa = PBXBuildFile; fileRef = 799E2E0C28CECF1400E6DF87 /* Property.swift */; };
		799E2E0F28CECF2100E6DF87 /* PropertyValue.swift in Sources */ = {isa = PBXBuildFile; fileRef = 799E2E0E28CECF2100E6DF87 /* PropertyValue.swift */; };
		799E2E1228CECF8700E6DF87 /* CVPixelBuffer+.swift in Sources */ = {isa = PBXBuildFile; fileRef = 799E2E1128CECF8700E6DF87 /* CVPixelBuffer+.swift */; };
/* End PBXBuildFile section */

/* Begin PBXFileReference section */
		799E2DED28CEC40D00E6DF87 /* WFHCam.plugin */ = {isa = PBXFileReference; explicitFileType = wrapper.cfbundle; includeInIndex = 0; path = WFHCam.plugin; sourceTree = BUILT_PRODUCTS_DIR; };
		799E2DF728CEC4CE00E6DF87 /* WFHCam-Bridging-Header.h */ = {isa = PBXFileReference; lastKnownFileType = sourcecode.c.h; path = "WFHCam-Bridging-Header.h"; sourceTree = "<group>"; };
		799E2DF828CEC4CE00E6DF87 /* Main.swift */ = {isa = PBXFileReference; lastKnownFileType = sourcecode.swift; path = Main.swift; sourceTree = "<group>"; };
		799E2DFA28CEC53A00E6DF87 /* HardwarePlugInInterface.swift */ = {isa = PBXFileReference; lastKnownFileType = sourcecode.swift; path = HardwarePlugInInterface.swift; sourceTree = "<group>"; };
		799E2DFC28CEC5CD00E6DF87 /* Info.plist */ = {isa = PBXFileReference; lastKnownFileType = text.plist.xml; path = Info.plist; sourceTree = "<group>"; };
		799E2DFF28CEC7CB00E6DF87 /* CoreMediaIO.framework */ = {isa = PBXFileReference; lastKnownFileType = wrapper.framework; name = CoreMediaIO.framework; path = System/Library/Frameworks/CoreMediaIO.framework; sourceTree = SDKROOT; };
		799E2E0328CECE7E00E6DF87 /* Object.swift */ = {isa = PBXFileReference; lastKnownFileType = sourcecode.swift; path = Object.swift; sourceTree = "<group>"; };
		799E2E0528CECE8300E6DF87 /* Plugin.swift */ = {isa = PBXFileReference; lastKnownFileType = sourcecode.swift; path = Plugin.swift; sourceTree = "<group>"; };
		799E2E0728CECE8900E6DF87 /* Device.swift */ = {isa = PBXFileReference; lastKnownFileType = sourcecode.swift; path = Device.swift; sourceTree = "<group>"; };
		799E2E0928CECE9500E6DF87 /* Stream.swift */ = {isa = PBXFileReference; lastKnownFileType = sourcecode.swift; path = Stream.swift; sourceTree = "<group>"; };
		799E2E0C28CECF1400E6DF87 /* Property.swift */ = {isa = PBXFileReference; lastKnownFileType = sourcecode.swift; path = Property.swift; sourceTree = "<group>"; };
		799E2E0E28CECF2100E6DF87 /* PropertyValue.swift */ = {isa = PBXFileReference; lastKnownFileType = sourcecode.swift; path = PropertyValue.swift; sourceTree = "<group>"; };
		799E2E1128CECF8700E6DF87 /* CVPixelBuffer+.swift */ = {isa = PBXFileReference; lastKnownFileType = sourcecode.swift; path = "CVPixelBuffer+.swift"; sourceTree = "<group>"; };
/* End PBXFileReference section */

/* Begin PBXFrameworksBuildPhase section */
		799E2DEA28CEC40D00E6DF87 /* Frameworks */ = {
			isa = PBXFrameworksBuildPhase;
			buildActionMask = 2147483647;
			files = (
				799E2E0028CEC7CB00E6DF87 /* CoreMediaIO.framework in Frameworks */,
			);
			runOnlyForDeploymentPostprocessing = 0;
		};
/* End PBXFrameworksBuildPhase section */

/* Begin PBXGroup section */
		799E2DE428CEC40D00E6DF87 = {
			isa = PBXGroup;
			children = (
				799E2DF428CEC42C00E6DF87 /* WFHCam */,
				799E2DEE28CEC40D00E6DF87 /* Products */,
				799E2DFE28CEC7CB00E6DF87 /* Frameworks */,
			);
			sourceTree = "<group>";
		};
		799E2DEE28CEC40D00E6DF87 /* Products */ = {
			isa = PBXGroup;
			children = (
				799E2DED28CEC40D00E6DF87 /* WFHCam.plugin */,
			);
			name = Products;
			sourceTree = "<group>";
		};
		799E2DF428CEC42C00E6DF87 /* WFHCam */ = {
			isa = PBXGroup;
			children = (
				799E2DF828CEC4CE00E6DF87 /* Main.swift */,
				799E2DFA28CEC53A00E6DF87 /* HardwarePlugInInterface.swift */,
				799E2DFC28CEC5CD00E6DF87 /* Info.plist */,
				799E2E1028CECF3E00E6DF87 /* Extension */,
				799E2E0B28CECF0900E6DF87 /* Property */,
				799E2E0228CECE3800E6DF87 /* Objects */,
				799E2DF528CEC43D00E6DF87 /* Bridging */,
			);
			path = WFHCam;
			sourceTree = "<group>";
		};
		799E2DF528CEC43D00E6DF87 /* Bridging */ = {
			isa = PBXGroup;
			children = (
				799E2DF728CEC4CE00E6DF87 /* WFHCam-Bridging-Header.h */,
			);
			path = Bridging;
			sourceTree = "<group>";
		};
		799E2DFE28CEC7CB00E6DF87 /* Frameworks */ = {
			isa = PBXGroup;
			children = (
				799E2DFF28CEC7CB00E6DF87 /* CoreMediaIO.framework */,
			);
			name = Frameworks;
			sourceTree = "<group>";
		};
		799E2E0228CECE3800E6DF87 /* Objects */ = {
			isa = PBXGroup;
			children = (
				799E2E0328CECE7E00E6DF87 /* Object.swift */,
				799E2E0528CECE8300E6DF87 /* Plugin.swift */,
				799E2E0728CECE8900E6DF87 /* Device.swift */,
				799E2E0928CECE9500E6DF87 /* Stream.swift */,
			);
			path = Objects;
			sourceTree = "<group>";
		};
		799E2E0B28CECF0900E6DF87 /* Property */ = {
			isa = PBXGroup;
			children = (
				799E2E0C28CECF1400E6DF87 /* Property.swift */,
				799E2E0E28CECF2100E6DF87 /* PropertyValue.swift */,
			);
			path = Property;
			sourceTree = "<group>";
		};
		799E2E1028CECF3E00E6DF87 /* Extension */ = {
			isa = PBXGroup;
			children = (
				799E2E1128CECF8700E6DF87 /* CVPixelBuffer+.swift */,
			);
			path = Extension;
			sourceTree = "<group>";
		};
/* End PBXGroup section */

/* Begin PBXNativeTarget section */
		799E2DEC28CEC40D00E6DF87 /* WFHCam */ = {
			isa = PBXNativeTarget;
			buildConfigurationList = 799E2DF128CEC40D00E6DF87 /* Build configuration list for PBXNativeTarget "WFHCam" */;
			buildPhases = (
				799E2DE928CEC40D00E6DF87 /* Sources */,
				799E2DEA28CEC40D00E6DF87 /* Frameworks */,
				799E2DEB28CEC40D00E6DF87 /* Resources */,
			);
			buildRules = (
			);
			dependencies = (
			);
			name = WFHCam;
			productName = WFHCam;
			productReference = 799E2DED28CEC40D00E6DF87 /* WFHCam.plugin */;
			productType = "com.apple.product-type.bundle";
		};
/* End PBXNativeTarget section */

/* Begin PBXProject section */
		799E2DE528CEC40D00E6DF87 /* Project object */ = {
			isa = PBXProject;
			attributes = {
				BuildIndependentTargetsInParallel = 1;
				LastUpgradeCheck = 1330;
				TargetAttributes = {
					799E2DEC28CEC40D00E6DF87 = {
						CreatedOnToolsVersion = 13.3.1;
						LastSwiftMigration = 1330;
					};
				};
			};
			buildConfigurationList = 799E2DE828CEC40D00E6DF87 /* Build configuration list for PBXProject "WFHCam" */;
			compatibilityVersion = "Xcode 13.0";
			developmentRegion = en;
			hasScannedForEncodings = 0;
			knownRegions = (
				en,
				Base,
			);
			mainGroup = 799E2DE428CEC40D00E6DF87;
			productRefGroup = 799E2DEE28CEC40D00E6DF87 /* Products */;
			projectDirPath = "";
			projectRoot = "";
			targets = (
				799E2DEC28CEC40D00E6DF87 /* WFHCam */,
			);
		};
/* End PBXProject section */

/* Begin PBXResourcesBuildPhase section */
		799E2DEB28CEC40D00E6DF87 /* Resources */ = {
			isa = PBXResourcesBuildPhase;
			buildActionMask = 2147483647;
			files = (
			);
			runOnlyForDeploymentPostprocessing = 0;
		};
/* End PBXResourcesBuildPhase section */

/* Begin PBXSourcesBuildPhase section */
		799E2DE928CEC40D00E6DF87 /* Sources */ = {
			isa = PBXSourcesBuildPhase;
			buildActionMask = 2147483647;
			files = (
				799E2E0F28CECF2100E6DF87 /* PropertyValue.swift in Sources */,
				799E2E1228CECF8700E6DF87 /* CVPixelBuffer+.swift in Sources */,
				799E2E0D28CECF1400E6DF87 /* Property.swift in Sources */,
				799E2DFB28CEC53A00E6DF87 /* HardwarePlugInInterface.swift in Sources */,
				799E2E0A28CECE9500E6DF87 /* Stream.swift in Sources */,
				799E2E0428CECE7E00E6DF87 /* Object.swift in Sources */,
				799E2E0628CECE8300E6DF87 /* Plugin.swift in Sources */,
				799E2DF928CEC4CE00E6DF87 /* Main.swift in Sources */,
				799E2E0828CECE8900E6DF87 /* Device.swift in Sources */,
			);
			runOnlyForDeploymentPostprocessing = 0;
		};
/* End PBXSourcesBuildPhase section */

/* Begin XCBuildConfiguration section */
		799E2DEF28CEC40D00E6DF87 /* Debug */ = {
			isa = XCBuildConfiguration;
			buildSettings = {
				ALWAYS_SEARCH_USER_PATHS = NO;
				CLANG_ANALYZER_NONNULL = YES;
				CLANG_ANALYZER_NUMBER_OBJECT_CONVERSION = YES_AGGRESSIVE;
				CLANG_CXX_LANGUAGE_STANDARD = "gnu++17";
				CLANG_ENABLE_MODULES = YES;
				CLANG_ENABLE_OBJC_ARC = YES;
				CLANG_ENABLE_OBJC_WEAK = YES;
				CLANG_WARN_BLOCK_CAPTURE_AUTORELEASING = YES;
				CLANG_WARN_BOOL_CONVERSION = YES;
				CLANG_WARN_COMMA = YES;
				CLANG_WARN_CONSTANT_CONVERSION = YES;
				CLANG_WARN_DEPRECATED_OBJC_IMPLEMENTATIONS = YES;
				CLANG_WARN_DIRECT_OBJC_ISA_USAGE = YES_ERROR;
				CLANG_WARN_DOCUMENTATION_COMMENTS = YES;
				CLANG_WARN_EMPTY_BODY = YES;
				CLANG_WARN_ENUM_CONVERSION = YES;
				CLANG_WARN_INFINITE_RECURSION = YES;
				CLANG_WARN_INT_CONVERSION = YES;
				CLANG_WARN_NON_LITERAL_NULL_CONVERSION = YES;
				CLANG_WARN_OBJC_IMPLICIT_RETAIN_SELF = YES;
				CLANG_WARN_OBJC_LITERAL_CONVERSION = YES;
				CLANG_WARN_OBJC_ROOT_CLASS = YES_ERROR;
				CLANG_WARN_QUOTED_INCLUDE_IN_FRAMEWORK_HEADER = YES;
				CLANG_WARN_RANGE_LOOP_ANALYSIS = YES;
				CLANG_WARN_STRICT_PROTOTYPES = YES;
				CLANG_WARN_SUSPICIOUS_MOVE = YES;
				CLANG_WARN_UNGUARDED_AVAILABILITY = YES_AGGRESSIVE;
				CLANG_WARN_UNREACHABLE_CODE = YES;
				CLANG_WARN__DUPLICATE_METHOD_MATCH = YES;
				COPY_PHASE_STRIP = NO;
				DEBUG_INFORMATION_FORMAT = dwarf;
				ENABLE_STRICT_OBJC_MSGSEND = YES;
				ENABLE_TESTABILITY = YES;
				GCC_C_LANGUAGE_STANDARD = gnu11;
				GCC_DYNAMIC_NO_PIC = NO;
				GCC_NO_COMMON_BLOCKS = YES;
				GCC_OPTIMIZATION_LEVEL = 0;
				GCC_PREPROCESSOR_DEFINITIONS = (
					"DEBUG=1",
					"$(inherited)",
				);
				GCC_WARN_64_TO_32_BIT_CONVERSION = YES;
				GCC_WARN_ABOUT_RETURN_TYPE = YES_ERROR;
				GCC_WARN_UNDECLARED_SELECTOR = YES;
				GCC_WARN_UNINITIALIZED_AUTOS = YES_AGGRESSIVE;
				GCC_WARN_UNUSED_FUNCTION = YES;
				GCC_WARN_UNUSED_VARIABLE = YES;
				MACOSX_DEPLOYMENT_TARGET = 12.2;
				MTL_ENABLE_DEBUG_INFO = INCLUDE_SOURCE;
				MTL_FAST_MATH = YES;
				ONLY_ACTIVE_ARCH = YES;
				SDKROOT = macosx;
			};
			name = Debug;
		};
		799E2DF028CEC40D00E6DF87 /* Release */ = {
			isa = XCBuildConfiguration;
			buildSettings = {
				ALWAYS_SEARCH_USER_PATHS = NO;
				CLANG_ANALYZER_NONNULL = YES;
				CLANG_ANALYZER_NUMBER_OBJECT_CONVERSION = YES_AGGRESSIVE;
				CLANG_CXX_LANGUAGE_STANDARD = "gnu++17";
				CLANG_ENABLE_MODULES = YES;
				CLANG_ENABLE_OBJC_ARC = YES;
				CLANG_ENABLE_OBJC_WEAK = YES;
				CLANG_WARN_BLOCK_CAPTURE_AUTORELEASING = YES;
				CLANG_WARN_BOOL_CONVERSION = YES;
				CLANG_WARN_COMMA = YES;
				CLANG_WARN_CONSTANT_CONVERSION = YES;
				CLANG_WARN_DEPRECATED_OBJC_IMPLEMENTATIONS = YES;
				CLANG_WARN_DIRECT_OBJC_ISA_USAGE = YES_ERROR;
				CLANG_WARN_DOCUMENTATION_COMMENTS = YES;
				CLANG_WARN_EMPTY_BODY = YES;
				CLANG_WARN_ENUM_CONVERSION = YES;
				CLANG_WARN_INFINITE_RECURSION = YES;
				CLANG_WARN_INT_CONVERSION = YES;
				CLANG_WARN_NON_LITERAL_NULL_CONVERSION = YES;
				CLANG_WARN_OBJC_IMPLICIT_RETAIN_SELF = YES;
				CLANG_WARN_OBJC_LITERAL_CONVERSION = YES;
				CLANG_WARN_OBJC_ROOT_CLASS = YES_ERROR;
				CLANG_WARN_QUOTED_INCLUDE_IN_FRAMEWORK_HEADER = YES;
				CLANG_WARN_RANGE_LOOP_ANALYSIS = YES;
				CLANG_WARN_STRICT_PROTOTYPES = YES;
				CLANG_WARN_SUSPICIOUS_MOVE = YES;
				CLANG_WARN_UNGUARDED_AVAILABILITY = YES_AGGRESSIVE;
				CLANG_WARN_UNREACHABLE_CODE = YES;
				CLANG_WARN__DUPLICATE_METHOD_MATCH = YES;
				COPY_PHASE_STRIP = NO;
				DEBUG_INFORMATION_FORMAT = "dwarf-with-dsym";
				ENABLE_NS_ASSERTIONS = NO;
				ENABLE_STRICT_OBJC_MSGSEND = YES;
				GCC_C_LANGUAGE_STANDARD = gnu11;
				GCC_NO_COMMON_BLOCKS = YES;
				GCC_WARN_64_TO_32_BIT_CONVERSION = YES;
				GCC_WARN_ABOUT_RETURN_TYPE = YES_ERROR;
				GCC_WARN_UNDECLARED_SELECTOR = YES;
				GCC_WARN_UNINITIALIZED_AUTOS = YES_AGGRESSIVE;
				GCC_WARN_UNUSED_FUNCTION = YES;
				GCC_WARN_UNUSED_VARIABLE = YES;
				MACOSX_DEPLOYMENT_TARGET = 12.2;
				MTL_ENABLE_DEBUG_INFO = NO;
				MTL_FAST_MATH = YES;
				SDKROOT = macosx;
			};
			name = Release;
		};
		799E2DF228CEC40D00E6DF87 /* Debug */ = {
			isa = XCBuildConfiguration;
			buildSettings = {
				CLANG_ENABLE_MODULES = YES;
				CODE_SIGN_STYLE = Automatic;
				COMBINE_HIDPI_IMAGES = YES;
				CURRENT_PROJECT_VERSION = 1;
				DEVELOPMENT_TEAM = Z8WP5WHYSB;
				GENERATE_INFOPLIST_FILE = YES;
				INFOPLIST_FILE = WFHCam/Info.plist;
				INFOPLIST_KEY_NSHumanReadableCopyright = "";
				INFOPLIST_KEY_NSPrincipalClass = "";
				INSTALL_PATH = "$(LOCAL_LIBRARY_DIR)/Bundles";
				LD_RUNPATH_SEARCH_PATHS = (
					"$(inherited)",
					"@executable_path/../Frameworks",
					"@loader_path/../Frameworks",
				);
				MARKETING_VERSION = 1.0;
				PRODUCT_BUNDLE_IDENTIFIER = com.AlessandroLoi.WFHCam;
				PRODUCT_NAME = "$(TARGET_NAME)";
				SKIP_INSTALL = YES;
				SWIFT_EMIT_LOC_STRINGS = YES;
				SWIFT_OBJC_BRIDGING_HEADER = "WFHCam/Bridging/WFHCam-Bridging-Header.h";
				SWIFT_OPTIMIZATION_LEVEL = "-Onone";
				SWIFT_VERSION = 5.0;
				WRAPPER_EXTENSION = plugin;
			};
			name = Debug;
		};
		799E2DF328CEC40D00E6DF87 /* Release */ = {
			isa = XCBuildConfiguration;
			buildSettings = {
				CLANG_ENABLE_MODULES = YES;
				CODE_SIGN_STYLE = Automatic;
				COMBINE_HIDPI_IMAGES = YES;
				CURRENT_PROJECT_VERSION = 1;
				DEVELOPMENT_TEAM = Z8WP5WHYSB;
				GENERATE_INFOPLIST_FILE = YES;
				INFOPLIST_FILE = WFHCam/Info.plist;
				INFOPLIST_KEY_NSHumanReadableCopyright = "";
				INFOPLIST_KEY_NSPrincipalClass = "";
				INSTALL_PATH = "$(LOCAL_LIBRARY_DIR)/Bundles";
				LD_RUNPATH_SEARCH_PATHS = (
					"$(inherited)",
					"@executable_path/../Frameworks",
					"@loader_path/../Frameworks",
				);
				MARKETING_VERSION = 1.0;
				PRODUCT_BUNDLE_IDENTIFIER = com.AlessandroLoi.WFHCam;
				PRODUCT_NAME = "$(TARGET_NAME)";
				SKIP_INSTALL = YES;
				SWIFT_EMIT_LOC_STRINGS = YES;
				SWIFT_OBJC_BRIDGING_HEADER = "WFHCam/Bridging/WFHCam-Bridging-Header.h";
				SWIFT_VERSION = 5.0;
				WRAPPER_EXTENSION = plugin;
			};
			name = Release;
		};
/* End XCBuildConfiguration section */

/* Begin XCConfigurationList section */
		799E2DE828CEC40D00E6DF87 /* Build configuration list for PBXProject "WFHCam" */ = {
			isa = XCConfigurationList;
			buildConfigurations = (
				799E2DEF28CEC40D00E6DF87 /* Debug */,
				799E2DF028CEC40D00E6DF87 /* Release */,
			);
			defaultConfigurationIsVisible = 0;
			defaultConfigurationName = Release;
		};
		799E2DF128CEC40D00E6DF87 /* Build configuration list for PBXNativeTarget "WFHCam" */ = {
			isa = XCConfigurationList;
			buildConfigurations = (
				799E2DF228CEC40D00E6DF87 /* Debug */,
				799E2DF328CEC40D00E6DF87 /* Release */,
			);
			defaultConfigurationIsVisible = 0;
			defaultConfigurationName = Release;
		};
/* End XCConfigurationList section */
	};
	rootObject = 799E2DE528CEC40D00E6DF87 /* Project object */;
}
